{
    "_readme": [
        "This file locks the dependencies of your project to a known state",
        "Read more about it at https://getcomposer.org/doc/01-basic-usage.md#composer-lock-the-lock-file",
        "This file is @generated automatically"
    ],
    "content-hash": "c13654ea820fb5ac8f6748d205a78591",
    "packages": [
        {
            "name": "beberlei/assert",
            "version": "v2.9.5",
            "source": {
                "type": "git",
                "url": "https://github.com/beberlei/assert.git",
                "reference": "c07fe163d6a3b3e4b1275981ec004397954afa89"
            },
            "dist": {
                "type": "zip",
                "url": "https://api.github.com/repos/beberlei/assert/zipball/c07fe163d6a3b3e4b1275981ec004397954afa89",
                "reference": "c07fe163d6a3b3e4b1275981ec004397954afa89",
                "shasum": ""
            },
            "require": {
                "ext-mbstring": "*",
                "php": ">=5.3"
            },
            "require-dev": {
                "friendsofphp/php-cs-fixer": "^2.1.1",
                "phpunit/phpunit": "^4.8.35|^5.7"
            },
            "type": "library",
            "autoload": {
                "psr-4": {
                    "Assert\\": "lib/Assert"
                },
                "files": [
                    "lib/Assert/functions.php"
                ]
            },
            "notification-url": "https://packagist.org/downloads/",
            "license": [
                "BSD-2-Clause"
            ],
            "authors": [
                {
                    "name": "Benjamin Eberlei",
                    "email": "kontakt@beberlei.de",
                    "role": "Lead Developer"
                },
                {
                    "name": "Richard Quadling",
                    "email": "rquadling@gmail.com",
                    "role": "Collaborator"
                }
            ],
            "description": "Thin assertion library for input validation in business models.",
            "keywords": [
                "assert",
                "assertion",
                "validation"
            ],
            "time": "2018-04-16T11:18:27+00:00"
        },
        {
            "name": "marc-mabe/php-enum",
            "version": "v3.0.0",
            "source": {
                "type": "git",
                "url": "https://github.com/marc-mabe/php-enum.git",
                "reference": "e756ea3f8e938f9197a756ad32d797b5455d316d"
            },
            "dist": {
                "type": "zip",
                "url": "https://api.github.com/repos/marc-mabe/php-enum/zipball/e756ea3f8e938f9197a756ad32d797b5455d316d",
                "reference": "e756ea3f8e938f9197a756ad32d797b5455d316d",
                "shasum": ""
            },
            "require": {
                "ext-reflection": "*",
                "php": ">=5.6"
            },
            "require-dev": {
                "lstrojny/functional-php": "1.2.* || 1.0.*",
                "phpbench/phpbench": "@dev",
                "phpunit/phpunit": "^5.7 || ^6.0"
            },
            "type": "library",
            "extra": {
                "branch-alias": {
                    "dev-master": "3.0-dev",
                    "dev-2.x": "2.3-dev",
                    "dev-1.x": "1.3-dev"
                }
            },
            "autoload": {
                "psr-4": {
                    "MabeEnum\\": "src/"
                }
            },
            "notification-url": "https://packagist.org/downloads/",
            "license": [
                "BSD-3-Clause"
            ],
            "authors": [
                {
                    "name": "Marc Bennewitz",
                    "email": "dev@mabe.berlin",
                    "homepage": "http://mabe.berlin/",
                    "role": "Lead"
                }
            ],
            "description": "Simple and fast implementation of enumerations with native PHP>=5.6",
            "homepage": "https://github.com/marc-mabe/php-enum",
            "keywords": [
                "enum",
                "enum-map",
                "enum-set",
                "enumeration",
                "enumerator",
                "enummap",
                "enumset",
                "map",
                "set",
                "type",
                "type-hint",
                "typehint"
            ],
            "time": "2017-11-05T14:47:17+00:00"
        },
        {
            "name": "paragonie/random_compat",
            "version": "v2.0.12",
            "source": {
                "type": "git",
                "url": "https://github.com/paragonie/random_compat.git",
                "reference": "258c89a6b97de7dfaf5b8c7607d0478e236b04fb"
            },
            "dist": {
                "type": "zip",
                "url": "https://api.github.com/repos/paragonie/random_compat/zipball/258c89a6b97de7dfaf5b8c7607d0478e236b04fb",
                "reference": "258c89a6b97de7dfaf5b8c7607d0478e236b04fb",
                "shasum": ""
            },
            "require": {
                "php": ">=5.2.0"
            },
            "require-dev": {
                "phpunit/phpunit": "4.*|5.*"
            },
            "suggest": {
                "ext-libsodium": "Provides a modern crypto API that can be used to generate random bytes."
            },
            "type": "library",
            "autoload": {
                "files": [
                    "lib/random.php"
                ]
            },
            "notification-url": "https://packagist.org/downloads/",
            "license": [
                "MIT"
            ],
            "authors": [
                {
                    "name": "Paragon Initiative Enterprises",
                    "email": "security@paragonie.com",
                    "homepage": "https://paragonie.com"
                }
            ],
            "description": "PHP 5.x polyfill for random_bytes() and random_int() from PHP 7",
            "keywords": [
                "csprng",
                "pseudorandom",
                "random"
            ],
            "time": "2018-04-04T21:24:14+00:00"
        },
        {
            "name": "prooph/common",
            "version": "v4.2.2",
            "source": {
                "type": "git",
                "url": "https://github.com/prooph/common.git",
                "reference": "72cb5c9d48347e75aab6f4eef0d459159b0d1fe1"
            },
            "dist": {
                "type": "zip",
                "url": "https://api.github.com/repos/prooph/common/zipball/72cb5c9d48347e75aab6f4eef0d459159b0d1fe1",
                "reference": "72cb5c9d48347e75aab6f4eef0d459159b0d1fe1",
                "shasum": ""
            },
            "require": {
                "beberlei/assert": "^2.7.1",
                "php": "^7.1.0",
                "ramsey/uuid": "^3.6.0"
            },
            "conflict": {
                "php": "7.1.3"
            },
            "require-dev": {
                "malukenho/docheader": "^0.1.4",
                "phpunit/phpunit": "^6.0",
                "prooph/bookdown-template": "^0.2.3",
                "prooph/php-cs-fixer-config": "^0.2",
                "satooshi/php-coveralls": "^1.0"
            },
            "type": "library",
            "autoload": {
                "psr-4": {
                    "Prooph\\Common\\": "src"
                }
            },
            "notification-url": "https://packagist.org/downloads/",
            "license": [
                "BSD-3-Clause"
            ],
            "authors": [
                {
                    "name": "Sascha-Oliver Prolic",
                    "email": "saschaprolic@googlemail.com"
                },
                {
                    "name": "Alexander Miertsch",
                    "email": "contact@prooph.de",
                    "homepage": "http://www.prooph.de"
                }
            ],
            "description": "Common classes used across prooph packages",
            "homepage": "http://getprooph.org/",
            "keywords": [
                "common",
                "prooph"
            ],
            "time": "2018-03-22T14:14:59+00:00"
        },
        {
            "name": "prooph/event-sourcing",
            "version": "v5.4.0",
            "source": {
                "type": "git",
                "url": "https://github.com/prooph/event-sourcing.git",
                "reference": "c7d33e7bdd0ce2e624189d1cf178c0a3df0dcec0"
            },
            "dist": {
                "type": "zip",
                "url": "https://api.github.com/repos/prooph/event-sourcing/zipball/c7d33e7bdd0ce2e624189d1cf178c0a3df0dcec0",
                "reference": "c7d33e7bdd0ce2e624189d1cf178c0a3df0dcec0",
                "shasum": ""
            },
            "require": {
                "php": "^7.1",
                "prooph/event-store": "^7.0"
            },
            "conflict": {
                "sandrokeil/interop-config": "<2.0.1"
            },
            "require-dev": {
                "malukenho/docheader": "^0.1.4",
                "phpspec/prophecy": "^1.7",
                "phpunit/phpunit": "^6.0",
                "prooph/bookdown-template": "^0.2.3",
                "prooph/php-cs-fixer-config": "^0.2.1",
                "prooph/snapshot-store": "^1.2.0",
                "psr/container": "^1.0",
                "sandrokeil/interop-config": "^2.0.1",
                "satooshi/php-coveralls": "^1.0"
            },
            "suggest": {
                "prooph/snapshot-store": "For usage with snapshots"
            },
            "type": "library",
            "extra": {
                "branch-alias": {
                    "dev-master": "5.1-dev"
                }
            },
            "autoload": {
                "psr-4": {
                    "Prooph\\EventSourcing\\": "src/"
                }
            },
            "notification-url": "https://packagist.org/downloads/",
            "license": [
                "BSD-3-Clause"
            ],
            "authors": [
                {
                    "name": "Sascha-Oliver Prolic",
                    "email": "saschaprolic@googlemail.com"
                },
                {
                    "name": "Alexander Miertsch",
                    "email": "contact@prooph.de",
                    "homepage": "http://www.prooph.de"
                }
            ],
            "description": "PHP EventSourcing library",
            "homepage": "http://getprooph.org/",
            "keywords": [
                "EventSourcing",
                "ddd",
                "prooph"
            ],
            "time": "2018-04-30T09:56:53+00:00"
        },
        {
            "name": "prooph/event-store",
            "version": "v7.3.6",
            "source": {
                "type": "git",
                "url": "https://github.com/prooph/event-store.git",
                "reference": "44aa2b43e6831874a2989c06dd60062d3abd354b"
            },
            "dist": {
                "type": "zip",
                "url": "https://api.github.com/repos/prooph/event-store/zipball/44aa2b43e6831874a2989c06dd60062d3abd354b",
                "reference": "44aa2b43e6831874a2989c06dd60062d3abd354b",
                "shasum": ""
            },
            "require": {
                "marc-mabe/php-enum": "^2.3.1 || ^3.0.0",
                "php": "^7.1",
                "prooph/common": "^4.1.0"
            },
            "conflict": {
                "sandrokeil/interop-config": "<2.0.1"
            },
            "require-dev": {
                "malukenho/docheader": "^0.1.4",
                "phpspec/prophecy": "^1.7",
                "phpunit/php-invoker": "^2.0",
                "phpunit/phpunit": "^7.1.4",
                "prooph/bookdown-template": "^0.2.3",
                "prooph/php-cs-fixer-config": "^0.2.1",
                "psr/container": "^1.0",
                "sandrokeil/interop-config": "^2.0.1",
                "satooshi/php-coveralls": "^1.0"
            },
            "suggest": {
                "prooph/event-sourcing": "Basic functionality for event sourced aggregates",
                "prooph/pdo-event-store": "For usage with MySQL or Postgres as event store",
                "prooph/service-bus": "Message bus facade to connect the event store with messaging systems",
                "psr/container": "^1.0 for usage of provided factories",
                "sandrokeil/interop-config": "For usage of provided factories"
            },
            "type": "library",
            "extra": {
                "branch-alias": {
                    "dev-master": "7.3-dev"
                }
            },
            "autoload": {
                "psr-4": {
                    "Prooph\\EventStore\\": "src/"
                }
            },
            "notification-url": "https://packagist.org/downloads/",
            "license": [
                "BSD-3-Clause"
            ],
            "authors": [
                {
                    "name": "Sascha-Oliver Prolic",
                    "email": "saschaprolic@googlemail.com"
                },
                {
                    "name": "Alexander Miertsch",
                    "email": "contact@prooph.de",
                    "homepage": "http://www.prooph.de"
                }
            ],
            "description": "PHP EventStore Implementation",
            "homepage": "http://getprooph.org/",
            "keywords": [
                "EventSourcing",
                "EventStore",
                "ddd",
                "prooph"
            ],
            "time": "2018-04-30T08:59:13+00:00"
        },
        {
            "name": "ramsey/uuid",
            "version": "3.7.3",
            "source": {
                "type": "git",
                "url": "https://github.com/ramsey/uuid.git",
                "reference": "44abcdad877d9a46685a3a4d221e3b2c4b87cb76"
            },
            "dist": {
                "type": "zip",
                "url": "https://api.github.com/repos/ramsey/uuid/zipball/44abcdad877d9a46685a3a4d221e3b2c4b87cb76",
                "reference": "44abcdad877d9a46685a3a4d221e3b2c4b87cb76",
                "shasum": ""
            },
            "require": {
                "paragonie/random_compat": "^1.0|^2.0",
                "php": "^5.4 || ^7.0"
            },
            "replace": {
                "rhumsaa/uuid": "self.version"
            },
            "require-dev": {
                "codeception/aspect-mock": "^1.0 | ~2.0.0",
                "doctrine/annotations": "~1.2.0",
                "goaop/framework": "1.0.0-alpha.2 | ^1.0 | ^2.1",
                "ircmaxell/random-lib": "^1.1",
                "jakub-onderka/php-parallel-lint": "^0.9.0",
                "mockery/mockery": "^0.9.9",
                "moontoast/math": "^1.1",
                "php-mock/php-mock-phpunit": "^0.3|^1.1",
                "phpunit/phpunit": "^4.7|^5.0",
                "squizlabs/php_codesniffer": "^2.3"
            },
            "suggest": {
                "ext-libsodium": "Provides the PECL libsodium extension for use with the SodiumRandomGenerator",
                "ext-uuid": "Provides the PECL UUID extension for use with the PeclUuidTimeGenerator and PeclUuidRandomGenerator",
                "ircmaxell/random-lib": "Provides RandomLib for use with the RandomLibAdapter",
                "moontoast/math": "Provides support for converting UUID to 128-bit integer (in string form).",
                "ramsey/uuid-console": "A console application for generating UUIDs with ramsey/uuid",
                "ramsey/uuid-doctrine": "Allows the use of Ramsey\\Uuid\\Uuid as Doctrine field type."
            },
            "type": "library",
            "extra": {
                "branch-alias": {
                    "dev-master": "3.x-dev"
                }
            },
            "autoload": {
                "psr-4": {
                    "Ramsey\\Uuid\\": "src/"
                }
            },
            "notification-url": "https://packagist.org/downloads/",
            "license": [
                "MIT"
            ],
            "authors": [
                {
                    "name": "Marijn Huizendveld",
                    "email": "marijn.huizendveld@gmail.com"
                },
                {
                    "name": "Thibaud Fabre",
                    "email": "thibaud@aztech.io"
                },
                {
                    "name": "Ben Ramsey",
                    "email": "ben@benramsey.com",
                    "homepage": "https://benramsey.com"
                }
            ],
            "description": "Formerly rhumsaa/uuid. A PHP 5.4+ library for generating RFC 4122 version 1, 3, 4, and 5 universally unique identifiers (UUID).",
            "homepage": "https://github.com/ramsey/uuid",
            "keywords": [
                "guid",
                "identifier",
                "uuid"
            ],
            "time": "2018-01-20T00:28:24+00:00"
        }
    ],
    "packages-dev": [],
    "aliases": [],
    "minimum-stability": "dev",
    "stability-flags": [],
    "prefer-stable": true,
    "prefer-lowest": false,
    "platform": [],
    "platform-dev": []
}
